
Microsoft Visual Studio Solution File, Format Version 12.00
# Visual Studio Version 17
VisualStudioVersion = 17.13.35931.197
MinimumVisualStudioVersion = 10.0.40219.1
Project("{2150E333-8FDC-42A3-9474-1A3956D46DE8}") = "src", "src", "{02EA681E-C7D8-13C7-8484-4AC65E1B71E8}"
EndProject
Project("{2150E333-8FDC-42A3-9474-1A3956D46DE8}") = "tests", "tests", "{182FD723-1842-44B5-A2BF-61A245AD5961}"
EndProject
Project("{FAE04EC0-301F-11D3-BF4B-00C04F79EFBC}") = "OptimusFrame.Core.API", "src\OptimusFrame.Core.API\OptimusFrame.Core.API.csproj", "{D55AB76D-7508-B7BB-3056-36075A8AF448}"
EndProject
Project("{FAE04EC0-301F-11D3-BF4B-00C04F79EFBC}") = "OptimusFrame.Core.Application", "src\OptimusFrame.Core.Application\OptimusFrame.Core.Application.csproj", "{BAF734D4-CFFF-730F-EFC2-7E24B2CB4AE9}"
EndProject
Project("{FAE04EC0-301F-11D3-BF4B-00C04F79EFBC}") = "OptimusFrame.Core.Domain", "src\Optimus.Frame.Core.Domain\OptimusFrame.Core.Domain.csproj", "{3273159C-60EB-D296-2648-BAA47D5DBFAF}"
EndProject
Project("{FAE04EC0-301F-11D3-BF4B-00C04F79EFBC}") = "OptimusFrame.Core.Infrastructure", "src\OptimusFrame.Core.Infrastructure\OptimusFrame.Core.Infrastructure.csproj", "{A3396DAF-2AFA-34FC-0E08-555DD6FACF5B}"
EndProject
Project("{FAE04EC0-301F-11D3-BF4B-00C04F79EFBC}") = "OptimusFrame.Core.Gateway", "src\OptimusFrame.Core.Gateway\OptimusFrame.Core.Gateway.csproj", "{95C65238-3080-BB5A-27BD-C22BBCAD04CE}"
EndProject
Global
	GlobalSection(SolutionConfigurationPlatforms) = preSolution
		Debug|Any CPU = Debug|Any CPU
		Release|Any CPU = Release|Any CPU
	EndGlobalSection
	GlobalSection(ProjectConfigurationPlatforms) = postSolution
		{D55AB76D-7508-B7BB-3056-36075A8AF448}.Debug|Any CPU.ActiveCfg = Debug|Any CPU
		{D55AB76D-7508-B7BB-3056-36075A8AF448}.Debug|Any CPU.Build.0 = Debug|Any CPU
		{D55AB76D-7508-B7BB-3056-36075A8AF448}.Release|Any CPU.ActiveCfg = Release|Any CPU
		{D55AB76D-7508-B7BB-3056-36075A8AF448}.Release|Any CPU.Build.0 = Release|Any CPU
		{BAF734D4-CFFF-730F-EFC2-7E24B2CB4AE9}.Debug|Any CPU.ActiveCfg = Debug|Any CPU
		{BAF734D4-CFFF-730F-EFC2-7E24B2CB4AE9}.Debug|Any CPU.Build.0 = Debug|Any CPU
		{BAF734D4-CFFF-730F-EFC2-7E24B2CB4AE9}.Release|Any CPU.ActiveCfg = Release|Any CPU
		{BAF734D4-CFFF-730F-EFC2-7E24B2CB4AE9}.Release|Any CPU.Build.0 = Release|Any CPU
		{3273159C-60EB-D296-2648-BAA47D5DBFAF}.Debug|Any CPU.ActiveCfg = Debug|Any CPU
		{3273159C-60EB-D296-2648-BAA47D5DBFAF}.Debug|Any CPU.Build.0 = Debug|Any CPU
		{3273159C-60EB-D296-2648-BAA47D5DBFAF}.Release|Any CPU.ActiveCfg = Release|Any CPU
		{3273159C-60EB-D296-2648-BAA47D5DBFAF}.Release|Any CPU.Build.0 = Release|Any CPU
		{A3396DAF-2AFA-34FC-0E08-555DD6FACF5B}.Debug|Any CPU.ActiveCfg = Debug|Any CPU
		{A3396DAF-2AFA-34FC-0E08-555DD6FACF5B}.Debug|Any CPU.Build.0 = Debug|Any CPU
		{A3396DAF-2AFA-34FC-0E08-555DD6FACF5B}.Release|Any CPU.ActiveCfg = Release|Any CPU
		{A3396DAF-2AFA-34FC-0E08-555DD6FACF5B}.Release|Any CPU.Build.0 = Release|Any CPU
		{95C65238-3080-BB5A-27BD-C22BBCAD04CE}.Debug|Any CPU.ActiveCfg = Debug|Any CPU
		{95C65238-3080-BB5A-27BD-C22BBCAD04CE}.Debug|Any CPU.Build.0 = Debug|Any CPU
		{95C65238-3080-BB5A-27BD-C22BBCAD04CE}.Release|Any CPU.ActiveCfg = Release|Any CPU
		{95C65238-3080-BB5A-27BD-C22BBCAD04CE}.Release|Any CPU.Build.0 = Release|Any CPU
	EndGlobalSection
	GlobalSection(SolutionProperties) = preSolution
		HideSolutionNode = FALSE
	EndGlobalSection
	GlobalSection(NestedProjects) = preSolution
		{D55AB76D-7508-B7BB-3056-36075A8AF448} = {02EA681E-C7D8-13C7-8484-4AC65E1B71E8}
		{BAF734D4-CFFF-730F-EFC2-7E24B2CB4AE9} = {02EA681E-C7D8-13C7-8484-4AC65E1B71E8}
		{3273159C-60EB-D296-2648-BAA47D5DBFAF} = {02EA681E-C7D8-13C7-8484-4AC65E1B71E8}
		{A3396DAF-2AFA-34FC-0E08-555DD6FACF5B} = {02EA681E-C7D8-13C7-8484-4AC65E1B71E8}
		{95C65238-3080-BB5A-27BD-C22BBCAD04CE} = {02EA681E-C7D8-13C7-8484-4AC65E1B71E8}
	EndGlobalSection
	GlobalSection(ExtensibilityGlobals) = postSolution
		SolutionGuid = {C062313E-5B47-43A9-A341-4AF90D7256E7}
	EndGlobalSection
EndGlobal
